// !$*UTF8*$!
{
	archiveVersion = 1;
	classes = {
	};
	objectVersion = 56;
	objects = {

/* Begin PBXBuildFile section */
		5C851DFD29FAFF7800B91BE8 /* AppDelegate.swift in Sources */ = {isa = PBXBuildFile; fileRef = 5C851DFC29FAFF7800B91BE8 /* AppDelegate.swift */; };
		5C851DFF29FAFF7800B91BE8 /* SceneDelegate.swift in Sources */ = {isa = PBXBuildFile; fileRef = 5C851DFE29FAFF7800B91BE8 /* SceneDelegate.swift */; };
		5C851E0129FAFF7800B91BE8 /* ViewController.swift in Sources */ = {isa = PBXBuildFile; fileRef = 5C851E0029FAFF7800B91BE8 /* ViewController.swift */; };
		5C851E0429FAFF7800B91BE8 /* Main.storyboard in Resources */ = {isa = PBXBuildFile; fileRef = 5C851E0229FAFF7800B91BE8 /* Main.storyboard */; };
		5C851E0629FAFF7900B91BE8 /* Assets.xcassets in Resources */ = {isa = PBXBuildFile; fileRef = 5C851E0529FAFF7900B91BE8 /* Assets.xcassets */; };
		5C851E0929FAFF7900B91BE8 /* LaunchScreen.storyboard in Resources */ = {isa = PBXBuildFile; fileRef = 5C851E0729FAFF7900B91BE8 /* LaunchScreen.storyboard */; };
		5C851E1329FB032C00B91BE8 /* myApp1 in Resources */ = {isa = PBXBuildFile; fileRef = 5C851E1229FB032C00B91BE8 /* myApp1 */; };
		7DBFC0F59737394429E60F37 /* Pods_form_test_portals.framework in Frameworks */ = {isa = PBXBuildFile; fileRef = 4B82249A6E86C802D2EB5F10 /* Pods_form_test_portals.framework */; };
/* End PBXBuildFile section */

/* Begin PBXFileReference section */
		09C169878EA853D2D04568F9 /* Pods-form-test-portals.release.xcconfig */ = {isa = PBXFileReference; includeInIndex = 1; lastKnownFileType = text.xcconfig; name = "Pods-form-test-portals.release.xcconfig"; path = "Target Support Files/Pods-form-test-portals/Pods-form-test-portals.release.xcconfig"; sourceTree = "<group>"; };
		4B82249A6E86C802D2EB5F10 /* Pods_form_test_portals.framework */ = {isa = PBXFileReference; explicitFileType = wrapper.framework; includeInIndex = 0; path = Pods_form_test_portals.framework; sourceTree = BUILT_PRODUCTS_DIR; };
		56424B03833024BFB29C3A46 /* Pods-form-test-portals.debug.xcconfig */ = {isa = PBXFileReference; includeInIndex = 1; lastKnownFileType = text.xcconfig; name = "Pods-form-test-portals.debug.xcconfig"; path = "Target Support Files/Pods-form-test-portals/Pods-form-test-portals.debug.xcconfig"; sourceTree = "<group>"; };
		5C851DF929FAFF7800B91BE8 /* form-test-portals.app */ = {isa = PBXFileReference; explicitFileType = wrapper.application; includeInIndex = 0; path = "form-test-portals.app"; sourceTree = BUILT_PRODUCTS_DIR; };
		5C851DFC29FAFF7800B91BE8 /* AppDelegate.swift */ = {isa = PBXFileReference; lastKnownFileType = sourcecode.swift; path = AppDelegate.swift; sourceTree = "<group>"; };
		5C851DFE29FAFF7800B91BE8 /* SceneDelegate.swift */ = {isa = PBXFileReference; lastKnownFileType = sourcecode.swift; path = SceneDelegate.swift; sourceTree = "<group>"; };
		5C851E0029FAFF7800B91BE8 /* ViewController.swift */ = {isa = PBXFileReference; lastKnownFileType = sourcecode.swift; path = ViewController.swift; sourceTree = "<group>"; };
		5C851E0329FAFF7800B91BE8 /* Base */ = {isa = PBXFileReference; lastKnownFileType = file.storyboard; name = Base; path = Base.lproj/Main.storyboard; sourceTree = "<group>"; };
		5C851E0529FAFF7900B91BE8 /* Assets.xcassets */ = {isa = PBXFileReference; lastKnownFileType = folder.assetcatalog; path = Assets.xcassets; sourceTree = "<group>"; };
		5C851E0829FAFF7900B91BE8 /* Base */ = {isa = PBXFileReference; lastKnownFileType = file.storyboard; name = Base; path = Base.lproj/LaunchScreen.storyboard; sourceTree = "<group>"; };
		5C851E0A29FAFF7900B91BE8 /* Info.plist */ = {isa = PBXFileReference; lastKnownFileType = text.plist.xml; path = Info.plist; sourceTree = "<group>"; };
		5C851E1229FB032C00B91BE8 /* myApp1 */ = {isa = PBXFileReference; lastKnownFileType = folder; path = myApp1; sourceTree = "<group>"; };
/* End PBXFileReference section */

/* Begin PBXFrameworksBuildPhase section */
		5C851DF629FAFF7800B91BE8 /* Frameworks */ = {
			isa = PBXFrameworksBuildPhase;
			buildActionMask = 2147483647;
			files = (
				7DBFC0F59737394429E60F37 /* Pods_form_test_portals.framework in Frameworks */,
			);
			runOnlyForDeploymentPostprocessing = 0;
		};
/* End PBXFrameworksBuildPhase section */

/* Begin PBXGroup section */
		09922D300F398BB6927E7B5D /* Frameworks */ = {
			isa = PBXGroup;
			children = (
				4B82249A6E86C802D2EB5F10 /* Pods_form_test_portals.framework */,
			);
			name = Frameworks;
			sourceTree = "<group>";
		};
		5C851DF029FAFF7800B91BE8 = {
			isa = PBXGroup;
			children = (
				5C851DFB29FAFF7800B91BE8 /* form-test-portals */,
				5C851DFA29FAFF7800B91BE8 /* Products */,
				6B301A7C14450B4DB2CDA9BA /* Pods */,
				09922D300F398BB6927E7B5D /* Frameworks */,
			);
			sourceTree = "<group>";
		};
		5C851DFA29FAFF7800B91BE8 /* Products */ = {
			isa = PBXGroup;
			children = (
				5C851DF929FAFF7800B91BE8 /* form-test-portals.app */,
			);
			name = Products;
			sourceTree = "<group>";
		};
		5C851DFB29FAFF7800B91BE8 /* form-test-portals */ = {
			isa = PBXGroup;
			children = (
				5C851E1229FB032C00B91BE8 /* myApp1 */,
				5C851DFC29FAFF7800B91BE8 /* AppDelegate.swift */,
				5C851DFE29FAFF7800B91BE8 /* SceneDelegate.swift */,
				5C851E0029FAFF7800B91BE8 /* ViewController.swift */,
				5C851E0229FAFF7800B91BE8 /* Main.storyboard */,
				5C851E0529FAFF7900B91BE8 /* Assets.xcassets */,
				5C851E0729FAFF7900B91BE8 /* LaunchScreen.storyboard */,
				5C851E0A29FAFF7900B91BE8 /* Info.plist */,
			);
			path = "form-test-portals";
			sourceTree = "<group>";
		};
		6B301A7C14450B4DB2CDA9BA /* Pods */ = {
			isa = PBXGroup;
			children = (
				56424B03833024BFB29C3A46 /* Pods-form-test-portals.debug.xcconfig */,
				09C169878EA853D2D04568F9 /* Pods-form-test-portals.release.xcconfig */,
			);
			path = Pods;
			sourceTree = "<group>";
		};
/* End PBXGroup section */

/* Begin PBXNativeTarget section */
		5C851DF829FAFF7800B91BE8 /* form-test-portals */ = {
			isa = PBXNativeTarget;
			buildConfigurationList = 5C851E0D29FAFF7900B91BE8 /* Build configuration list for PBXNativeTarget "form-test-portals" */;
			buildPhases = (
				DCF0AD33B73A6B43452CB5CA /* [CP] Check Pods Manifest.lock */,
				5C851DF529FAFF7800B91BE8 /* Sources */,
				5C851DF629FAFF7800B91BE8 /* Frameworks */,
				5C851DF729FAFF7800B91BE8 /* Resources */,
				8372530FA65E59EC331E2E41 /* [CP] Embed Pods Frameworks */,
			);
			buildRules = (
			);
			dependencies = (
			);
			name = "form-test-portals";
			productName = "form-test-portals";
			productReference = 5C851DF929FAFF7800B91BE8 /* form-test-portals.app */;
			productType = "com.apple.product-type.application";
		};
/* End PBXNativeTarget section */

/* Begin PBXProject section */
		5C851DF129FAFF7800B91BE8 /* Project object */ = {
			isa = PBXProject;
			attributes = {
				BuildIndependentTargetsInParallel = 1;
				LastSwiftUpdateCheck = 1430;
				LastUpgradeCheck = 1430;
				TargetAttributes = {
					5C851DF829FAFF7800B91BE8 = {
						CreatedOnToolsVersion = 14.3;
					};
				};
			};
			buildConfigurationList = 5C851DF429FAFF7800B91BE8 /* Build configuration list for PBXProject "form-test-portals" */;
			compatibilityVersion = "Xcode 14.0";
			developmentRegion = en;
			hasScannedForEncodings = 0;
			knownRegions = (
				en,
				Base,
			);
			mainGroup = 5C851DF029FAFF7800B91BE8;
			productRefGroup = 5C851DFA29FAFF7800B91BE8 /* Products */;
			projectDirPath = "";
			projectRoot = "";
			targets = (
				5C851DF829FAFF7800B91BE8 /* form-test-portals */,
			);
		};
/* End PBXProject section */

/* Begin PBXResourcesBuildPhase section */
		5C851DF729FAFF7800B91BE8 /* Resources */ = {
			isa = PBXResourcesBuildPhase;
			buildActionMask = 2147483647;
			files = (
				5C851E0929FAFF7900B91BE8 /* LaunchScreen.storyboard in Resources */,
				5C851E0629FAFF7900B91BE8 /* Assets.xcassets in Resources */,
				5C851E1329FB032C00B91BE8 /* myApp1 in Resources */,
				5C851E0429FAFF7800B91BE8 /* Main.storyboard in Resources */,
			);
			runOnlyForDeploymentPostprocessing = 0;
		};
/* End PBXResourcesBuildPhase section */

/* Begin PBXShellScriptBuildPhase section */
		8372530FA65E59EC331E2E41 /* [CP] Embed Pods Frameworks */ = {
			isa = PBXShellScriptBuildPhase;
			buildActionMask = 2147483647;
			files = (
			);
			inputFileListPaths = (
				"${PODS_ROOT}/Target Support Files/Pods-form-test-portals/Pods-form-test-portals-frameworks-${CONFIGURATION}-input-files.xcfilelist",
			);
			name = "[CP] Embed Pods Frameworks";
			outputFileListPaths = (
				"${PODS_ROOT}/Target Support Files/Pods-form-test-portals/Pods-form-test-portals-frameworks-${CONFIGURATION}-output-files.xcfilelist",
			);
			runOnlyForDeploymentPostprocessing = 0;
			shellPath = /bin/sh;
			shellScript = "\"${PODS_ROOT}/Target Support Files/Pods-form-test-portals/Pods-form-test-portals-frameworks.sh\"\n";
			showEnvVarsInLog = 0;
		};
		DCF0AD33B73A6B43452CB5CA /* [CP] Check Pods Manifest.lock */ = {
			isa = PBXShellScriptBuildPhase;
			buildActionMask = 2147483647;
			files = (
			);
			inputFileListPaths = (
			);
			inputPaths = (
				"${PODS_PODFILE_DIR_PATH}/Podfile.lock",
				"${PODS_ROOT}/Manifest.lock",
			);
			name = "[CP] Check Pods Manifest.lock";
			outputFileListPaths = (
			);
			outputPaths = (
				"$(DERIVED_FILE_DIR)/Pods-form-test-portals-checkManifestLockResult.txt",
			);
			runOnlyForDeploymentPostprocessing = 0;
			shellPath = /bin/sh;
			shellScript = "diff \"${PODS_PODFILE_DIR_PATH}/Podfile.lock\" \"${PODS_ROOT}/Manifest.lock\" > /dev/null\nif [ $? != 0 ] ; then\n    # print error to STDERR\n    echo \"error: The sandbox is not in sync with the Podfile.lock. Run 'pod install' or update your CocoaPods installation.\" >&2\n    exit 1\nfi\n# This output is used by Xcode 'outputs' to avoid re-running this script phase.\necho \"SUCCESS\" > \"${SCRIPT_OUTPUT_FILE_0}\"\n";
			showEnvVarsInLog = 0;
		};
/* End PBXShellScriptBuildPhase section */

/* Begin PBXSourcesBuildPhase section */
		5C851DF529FAFF7800B91BE8 /* Sources */ = {
			isa = PBXSourcesBuildPhase;
			buildActionMask = 2147483647;
			files = (
				5C851E0129FAFF7800B91BE8 /* ViewController.swift in Sources */,
				5C851DFD29FAFF7800B91BE8 /* AppDelegate.swift in Sources */,
				5C851DFF29FAFF7800B91BE8 /* SceneDelegate.swift in Sources */,
			);
			runOnlyForDeploymentPostprocessing = 0;
		};
/* End PBXSourcesBuildPhase section */

/* Begin PBXVariantGroup section */
		5C851E0229FAFF7800B91BE8 /* Main.storyboard */ = {
			isa = PBXVariantGroup;
			children = (
				5C851E0329FAFF7800B91BE8 /* Base */,
			);
			name = Main.storyboard;
			sourceTree = "<group>";
		};
		5C851E0729FAFF7900B91BE8 /* LaunchScreen.storyboard */ = {
			isa = PBXVariantGroup;
			children = (
				5C851E0829FAFF7900B91BE8 /* Base */,
			);
			name = LaunchScreen.storyboard;
			sourceTree = "<group>";
		};
/* End PBXVariantGroup section */

/* Begin XCBuildConfiguration section */
		5C851E0B29FAFF7900B91BE8 /* Debug */ = {
			isa = XCBuildConfiguration;
			buildSettings = {
				ALWAYS_SEARCH_USER_PATHS = NO;
				CLANG_ANALYZER_NONNULL = YES;
				CLANG_ANALYZER_NUMBER_OBJECT_CONVERSION = YES_AGGRESSIVE;
				CLANG_CXX_LANGUAGE_STANDARD = "gnu++20";
				CLANG_ENABLE_MODULES = YES;
				CLANG_ENABLE_OBJC_ARC = YES;
				CLANG_ENABLE_OBJC_WEAK = YES;
				CLANG_WARN_BLOCK_CAPTURE_AUTORELEASING = YES;
				CLANG_WARN_BOOL_CONVERSION = YES;
				CLANG_WARN_COMMA = YES;
				CLANG_WARN_CONSTANT_CONVERSION = YES;
				CLANG_WARN_DEPRECATED_OBJC_IMPLEMENTATIONS = YES;
				CLANG_WARN_DIRECT_OBJC_ISA_USAGE = YES_ERROR;
				CLANG_WARN_DOCUMENTATION_COMMENTS = YES;
				CLANG_WARN_EMPTY_BODY = YES;
				CLANG_WARN_ENUM_CONVERSION = YES;
				CLANG_WARN_INFINITE_RECURSION = YES;
				CLANG_WARN_INT_CONVERSION = YES;
				CLANG_WARN_NON_LITERAL_NULL_CONVERSION = YES;
				CLANG_WARN_OBJC_IMPLICIT_RETAIN_SELF = YES;
				CLANG_WARN_OBJC_LITERAL_CONVERSION = YES;
				CLANG_WARN_OBJC_ROOT_CLASS = YES_ERROR;
				CLANG_WARN_QUOTED_INCLUDE_IN_FRAMEWORK_HEADER = YES;
				CLANG_WARN_RANGE_LOOP_ANALYSIS = YES;
				CLANG_WARN_STRICT_PROTOTYPES = YES;
				CLANG_WARN_SUSPICIOUS_MOVE = YES;
				CLANG_WARN_UNGUARDED_AVAILABILITY = YES_AGGRESSIVE;
				CLANG_WARN_UNREACHABLE_CODE = YES;
				CLANG_WARN__DUPLICATE_METHOD_MATCH = YES;
				COPY_PHASE_STRIP = NO;
				DEBUG_INFORMATION_FORMAT = dwarf;
				ENABLE_STRICT_OBJC_MSGSEND = YES;
				ENABLE_TESTABILITY = YES;
				GCC_C_LANGUAGE_STANDARD = gnu11;
				GCC_DYNAMIC_NO_PIC = NO;
				GCC_NO_COMMON_BLOCKS = YES;
				GCC_OPTIMIZATION_LEVEL = 0;
				GCC_PREPROCESSOR_DEFINITIONS = (
					"DEBUG=1",
					"$(inherited)",
				);
				GCC_WARN_64_TO_32_BIT_CONVERSION = YES;
				GCC_WARN_ABOUT_RETURN_TYPE = YES_ERROR;
				GCC_WARN_UNDECLARED_SELECTOR = YES;
				GCC_WARN_UNINITIALIZED_AUTOS = YES_AGGRESSIVE;
				GCC_WARN_UNUSED_FUNCTION = YES;
				GCC_WARN_UNUSED_VARIABLE = YES;
				IPHONEOS_DEPLOYMENT_TARGET = 16.4;
				MTL_ENABLE_DEBUG_INFO = INCLUDE_SOURCE;
				MTL_FAST_MATH = YES;
				ONLY_ACTIVE_ARCH = YES;
				SDKROOT = iphoneos;
				SWIFT_ACTIVE_COMPILATION_CONDITIONS = DEBUG;
				SWIFT_OPTIMIZATION_LEVEL = "-Onone";
			};
			name = Debug;
		};
		5C851E0C29FAFF7900B91BE8 /* Release */ = {
			isa = XCBuildConfiguration;
			buildSettings = {
				ALWAYS_SEARCH_USER_PATHS = NO;
				CLANG_ANALYZER_NONNULL = YES;
				CLANG_ANALYZER_NUMBER_OBJECT_CONVERSION = YES_AGGRESSIVE;
				CLANG_CXX_LANGUAGE_STANDARD = "gnu++20";
				CLANG_ENABLE_MODULES = YES;
				CLANG_ENABLE_OBJC_ARC = YES;
				CLANG_ENABLE_OBJC_WEAK = YES;
				CLANG_WARN_BLOCK_CAPTURE_AUTORELEASING = YES;
				CLANG_WARN_BOOL_CONVERSION = YES;
				CLANG_WARN_COMMA = YES;
				CLANG_WARN_CONSTANT_CONVERSION = YES;
				CLANG_WARN_DEPRECATED_OBJC_IMPLEMENTATIONS = YES;
				CLANG_WARN_DIRECT_OBJC_ISA_USAGE = YES_ERROR;
				CLANG_WARN_DOCUMENTATION_COMMENTS = YES;
				CLANG_WARN_EMPTY_BODY = YES;
				CLANG_WARN_ENUM_CONVERSION = YES;
				CLANG_WARN_INFINITE_RECURSION = YES;
				CLANG_WARN_INT_CONVERSION = YES;
				CLANG_WARN_NON_LITERAL_NULL_CONVERSION = YES;
				CLANG_WARN_OBJC_IMPLICIT_RETAIN_SELF = YES;
				CLANG_WARN_OBJC_LITERAL_CONVERSION = YES;
				CLANG_WARN_OBJC_ROOT_CLASS = YES_ERROR;
				CLANG_WARN_QUOTED_INCLUDE_IN_FRAMEWORK_HEADER = YES;
				CLANG_WARN_RANGE_LOOP_ANALYSIS = YES;
				CLANG_WARN_STRICT_PROTOTYPES = YES;
				CLANG_WARN_SUSPICIOUS_MOVE = YES;
				CLANG_WARN_UNGUARDED_AVAILABILITY = YES_AGGRESSIVE;
				CLANG_WARN_UNREACHABLE_CODE = YES;
				CLANG_WARN__DUPLICATE_METHOD_MATCH = YES;
				COPY_PHASE_STRIP = NO;
				DEBUG_INFORMATION_FORMAT = "dwarf-with-dsym";
				ENABLE_NS_ASSERTIONS = NO;
				ENABLE_STRICT_OBJC_MSGSEND = YES;
				GCC_C_LANGUAGE_STANDARD = gnu11;
				GCC_NO_COMMON_BLOCKS = YES;
				GCC_WARN_64_TO_32_BIT_CONVERSION = YES;
				GCC_WARN_ABOUT_RETURN_TYPE = YES_ERROR;
				GCC_WARN_UNDECLARED_SELECTOR = YES;
				GCC_WARN_UNINITIALIZED_AUTOS = YES_AGGRESSIVE;
				GCC_WARN_UNUSED_FUNCTION = YES;
				GCC_WARN_UNUSED_VARIABLE = YES;
				IPHONEOS_DEPLOYMENT_TARGET = 16.4;
				MTL_ENABLE_DEBUG_INFO = NO;
				MTL_FAST_MATH = YES;
				SDKROOT = iphoneos;
				SWIFT_COMPILATION_MODE = wholemodule;
				SWIFT_OPTIMIZATION_LEVEL = "-O";
				VALIDATE_PRODUCT = YES;
			};
			name = Release;
		};
		5C851E0E29FAFF7900B91BE8 /* Debug */ = {
			isa = XCBuildConfiguration;
			baseConfigurationReference = 56424B03833024BFB29C3A46 /* Pods-form-test-portals.debug.xcconfig */;
			buildSettings = {
				ASSETCATALOG_COMPILER_APPICON_NAME = AppIcon;
				ASSETCATALOG_COMPILER_GLOBAL_ACCENT_COLOR_NAME = AccentColor;
				CODE_SIGN_STYLE = Automatic;
				CURRENT_PROJECT_VERSION = 1;
				GENERATE_INFOPLIST_FILE = YES;
				INFOPLIST_FILE = "form-test-portals/Info.plist";
				INFOPLIST_KEY_UIApplicationSupportsIndirectInputEvents = YES;
				INFOPLIST_KEY_UILaunchStoryboardName = LaunchScreen;
				INFOPLIST_KEY_UIMainStoryboardFile = Main;
				INFOPLIST_KEY_UISupportedInterfaceOrientations_iPad = "UIInterfaceOrientationPortrait UIInterfaceOrientationPortraitUpsideDown UIInterfaceOrientationLandscapeLeft UIInterfaceOrientationLandscapeRight";
				INFOPLIST_KEY_UISupportedInterfaceOrientations_iPhone = "UIInterfaceOrientationPortrait UIInterfaceOrientationLandscapeLeft UIInterfaceOrientationLandscapeRight";
				LD_RUNPATH_SEARCH_PATHS = (
					"$(inherited)",
					"@executable_path/Frameworks",
				);
				MARKETING_VERSION = 1.0;
				PRODUCT_BUNDLE_IDENTIFIER = "com.ionic.io.form-test-portals";
				PRODUCT_NAME = "$(TARGET_NAME)";
				SWIFT_EMIT_LOC_STRINGS = YES;
				SWIFT_VERSION = 5.0;
				TARGETED_DEVICE_FAMILY = "1,2";
			};
			name = Debug;
		};
		5C851E0F29FAFF7900B91BE8 /* Release */ = {
			isa = XCBuildConfiguration;
			baseConfigurationReference = 09C169878EA853D2D04568F9 /* Pods-form-test-portals.release.xcconfig */;
			buildSettings = {
				ASSETCATALOG_COMPILER_APPICON_NAME = AppIcon;
				ASSETCATALOG_COMPILER_GLOBAL_ACCENT_COLOR_NAME = AccentColor;
				CODE_SIGN_STYLE = Automatic;
				CURRENT_PROJECT_VERSION = 1;
				GENERATE_INFOPLIST_FILE = YES;
				INFOPLIST_FILE = "form-test-portals/Info.plist";
				INFOPLIST_KEY_UIApplicationSupportsIndirectInputEvents = YES;
				INFOPLIST_KEY_UILaunchStoryboardName = LaunchScreen;
				INFOPLIST_KEY_UIMainStoryboardFile = Main;
				INFOPLIST_KEY_UISupportedInterfaceOrientations_iPad = "UIInterfaceOrientationPortrait UIInterfaceOrientationPortraitUpsideDown UIInterfaceOrientationLandscapeLeft UIInterfaceOrientationLandscapeRight";
				INFOPLIST_KEY_UISupportedInterfaceOrientations_iPhone = "UIInterfaceOrientationPortrait UIInterfaceOrientationLandscapeLeft UIInterfaceOrientationLandscapeRight";
				LD_RUNPATH_SEARCH_PATHS = (
					"$(inherited)",
					"@executable_path/Frameworks",
				);
				MARKETING_VERSION = 1.0;
				PRODUCT_BUNDLE_IDENTIFIER = "com.ionic.io.form-test-portals";
				PRODUCT_NAME = "$(TARGET_NAME)";
				SWIFT_EMIT_LOC_STRINGS = YES;
				SWIFT_VERSION = 5.0;
				TARGETED_DEVICE_FAMILY = "1,2";
			};
			name = Release;
		};
/* End XCBuildConfiguration section */

/* Begin XCConfigurationList section */
		5C851DF429FAFF7800B91BE8 /* Build configuration list for PBXProject "form-test-portals" */ = {
			isa = XCConfigurationList;
			buildConfigurations = (
				5C851E0B29FAFF7900B91BE8 /* Debug */,
				5C851E0C29FAFF7900B91BE8 /* Release */,
			);
			defaultConfigurationIsVisible = 0;
			defaultConfigurationName = Release;
		};
		5C851E0D29FAFF7900B91BE8 /* Build configuration list for PBXNativeTarget "form-test-portals" */ = {
			isa = XCConfigurationList;
			buildConfigurations = (
				5C851E0E29FAFF7900B91BE8 /* Debug */,
				5C851E0F29FAFF7900B91BE8 /* Release */,
			);
			defaultConfigurationIsVisible = 0;
			defaultConfigurationName = Release;
		};
/* End XCConfigurationList section */
	};
	rootObject = 5C851DF129FAFF7800B91BE8 /* Project object */;
}
